{
  "lockfileVersion": 2,
  "configVersion": 1,
  "workspaces": {
    "": {
      "name": "dsh-react-surface-workspace",
      "devDependencies": {
        "@playwright/test": "^1.55.0",
        "@types/bun": "latest",
        "@types/react": "~18.3.1",
        "@types/react-dom": "~18.3.1",
        "dsh-react-surface-build": "workspace:*",
        "prettier": "^3.8.1",
        "react": "18.3.1",
        "react-dom": "18.3.1",
        "typescript": "^6.0.2",
      },
    },
    "examples/ag-ui-tools": {
      "name": "dsh-react-surface-example-ag-ui-tools",
      "version": "0.0.1",
      "devDependencies": {
        "@deepseek-ai/cordis": "^4.0.2",
        "dsh-react-surface": "workspace:*",
        "dsh-react-surface-build": "workspace:*",
      },
      "peerDependencies": {
        "@deepseek-ai/cordis": "^4.0.2",
        "dsh-react-surface": "0.0.1",
        "react": "^18.2.0 || ^19.0.0",
      },
    },
    "examples/basic-surface": {
      "name": "dsh-react-surface-example-basic",
      "version": "0.0.1",
      "devDependencies": {
        "@deepseek-ai/cordis": "^4.0.2",
        "dsh-react-surface": "workspace:*",
        "dsh-react-surface-build": "workspace:*",
      },
      "peerDependencies": {
        "@deepseek-ai/cordis": "^4.0.2",
        "dsh-react-surface": "0.0.1",
        "react": "^18.2.0",
      },
    },
    "packages/build": {
      "name": "dsh-react-surface-build",
      "version": "0.0.1",
      "bin": {
        "dsh-react-surface-build": "./src/cli.ts",
      },
      "dependencies": {
        "postcss": "^8.5.6",
        "postcss-url": "^10.1.3",
      },
      "devDependencies": {
        "@types/postcss-url": "^10.0.4",
      },
    },
    "packages/runtime": {
      "name": "dsh-react-surface",
      "version": "0.0.1",
      "devDependencies": {
        "@deepseek-ai/cordis": "^4.0.2",
        "@deepseek-ai/dsh-agent": "0.1.5-rc.1",
        "@deepseek-ai/dsh-client-ui-layout": "0.1.5-rc.1",
        "@deepseek-ai/dsh-client-ui-renderer": "0.1.5-rc.1",
        "@deepseek-ai/dsh-client-ui-sidebar": "0.1.5-rc.1",
        "@deepseek-ai/dsh-client-ui-slots": "0.1.5-rc.1",
        "@deepseek-ai/dsh-code-runtime": "0.1.5-rc.1",
        "@deepseek-ai/dsh-host-webserver": "0.1.5-rc.1",
        "@deepseek-ai/dsh-invariants": "0.1.5-rc.1",
        "@deepseek-ai/dsh-llm": "0.1.5-rc.1",
        "@deepseek-ai/dsh-scope": "0.1.5-rc.1",
        "@deepseek-ai/dsh-session": "0.1.5-rc.1",
        "@deepseek-ai/dsh-session-projection": "0.1.5-rc.1",
        "@deepseek-ai/dsh-system-prompt": "0.1.5-rc.1",
        "@deepseek-ai/dsh-tools": "0.1.5-rc.1",
        "@deepseek-ai/dsh-typert-protocol": "0.1.5-rc.1",
        "@deepseek-ai/dsh-user-approval": "0.1.5-rc.1",
      },
      "peerDependencies": {
        "@deepseek-ai/cordis": "^4.0.2",
        "@deepseek-ai/dsh-agent": "0.1.5-rc.1",
        "@deepseek-ai/dsh-client-ui-layout": "0.1.5-rc.1",
        "@deepseek-ai/dsh-client-ui-renderer": "0.1.5-rc.1",
        "@deepseek-ai/dsh-client-ui-sidebar": "0.1.5-rc.1",
        "@deepseek-ai/dsh-client-ui-slots": "0.1.5-rc.1",
        "@deepseek-ai/dsh-host-webserver": "0.1.5-rc.1",
        "@deepseek-ai/dsh-session": "0.1.5-rc.1",
        "@deepseek-ai/dsh-tools": "0.1.5-rc.1",
        "react": "^18.2.0 || ^19.0.0",
        "react-dom": "^18.2.0 || ^19.0.0",
      },
    },
  },
  "packages": {
    "@deepseek-ai/cordis": ["@deepseek-ai/cordis@4.0.2", "https://registry.npmmirror.com/@deepseek-ai/cordis/-/cordis-4.0.2.tgz", { "dependencies": { "@deepseek-ai/cosmokit": "^1.8.3", "@standard-schema/spec": "^1.1.0" }, "peerDependencies": { "@deepseek-ai/cordis-plugin-include": "^1.0.7", "@deepseek-ai/cordis-plugin-loader": "^1.0.3" }, "optionalPeers": ["@deepseek-ai/cordis-plugin-include", "@deepseek-ai/cordis-plugin-loader"], "bin": { "cordis": "bin.js" } }, "sha512-asOnXP1TzFSFQlHb1iegDZp0z/8WD1c7YNrwJR/Tx2bzNuMXfcekE/I67Iv6SQXeLB4csxqCngzQKANP7gdw0g=="],

    "@deepseek-ai/cosmokit": ["@deepseek-ai/cosmokit@1.8.3", "https://registry.npmmirror.com/@deepseek-ai/cosmokit/-/cosmokit-1.8.3.tgz", {}, "sha512-qBo+ronVM6Eu2WNVJXi8JcMiqZ19T9BRIpV+5qJUFPXjGH/Z0QKcQMC/IZJ7L394YTOtJgcovbk9qP0w2GsBXQ=="],

    "@deepseek-ai/dsh-agent": ["@deepseek-ai/dsh-agent@0.1.5-rc.1", "https://registry.npmmirror.com/@deepseek-ai/dsh-agent/-/dsh-agent-0.1.5-rc.1.tgz", { "peerDependencies": { "@deepseek-ai/cordis": "^4.0.2", "@deepseek-ai/dsh-invariants": "^0.1.5-rc.1", "@deepseek-ai/dsh-llm": "^0.1.5-rc.1", "@deepseek-ai/dsh-scope": "^0.1.5-rc.1", "@deepseek-ai/dsh-session": "^0.1.5-rc.1", "@deepseek-ai/dsh-session-projection": "^0.1.5-rc.1", "@deepseek-ai/dsh-system-prompt": "^0.1.5-rc.1", "@deepseek-ai/dsh-typert-protocol": "^0.1.5-rc.1", "@deepseek-ai/dsh-util-values": "^0.1.5-rc.1" } }, "sha512-obIPyTSjq1y0Yhasm3mLhK5BW6Ge0VQoRT8FBt0ooLsct2+pFAjgyd7GP3KzFaz7zaEhQJ/NNEmCaU0KOsYutg=="],

    "@deepseek-ai/dsh-brand": ["@deepseek-ai/dsh-brand@0.1.5-rc.1", "https://registry.npmmirror.com/@deepseek-ai/dsh-brand/-/dsh-brand-0.1.5-rc.1.tgz", { "peerDependencies": { "@deepseek-ai/cordis": "^4.0.2" } }, "sha512-nfEsuSNghhrcvjMnjlPU55Z60K/5FjCRY4ZJtnc0SHR0PgoMl7N9I9+y4t2kDMe3rnEKlH2UgIGIZ/msGOYvpg=="],

    "@deepseek-ai/dsh-client-ui-layout": ["@deepseek-ai/dsh-client-ui-layout@0.1.5-rc.1", "https://registry.npmmirror.com/@deepseek-ai/dsh-client-ui-layout/-/dsh-client-ui-layout-0.1.5-rc.1.tgz", { "peerDependencies": { "@deepseek-ai/cordis": "^4.0.2" } }, "sha512-XbaJSLhZM5rSbcpAy9IyoYgC6nmEppUptzU3H50/cbFqoDCDvXrcflx04UlifRI5tb5ofZtNOvDqqCsJ6kwcIg=="],

    "@deepseek-ai/dsh-client-ui-renderer": ["@deepseek-ai/dsh-client-ui-renderer@0.1.5-rc.1", "https://registry.npmmirror.com/@deepseek-ai/dsh-client-ui-renderer/-/dsh-client-ui-renderer-0.1.5-rc.1.tgz", { "peerDependencies": { "@deepseek-ai/cordis": "^4.0.2" } }, "sha512-v3NlhGgcYDUtskwjylVuKJ+FMiuJgYdWg/bIjth+obj7cF2SBJR4A0/9XfCKQvh2xbF/puRLZ7DG3KRl8+BKBQ=="],

    "@deepseek-ai/dsh-client-ui-sidebar": ["@deepseek-ai/dsh-client-ui-sidebar@0.1.5-rc.1", "https://registry.npmmirror.com/@deepseek-ai/dsh-client-ui-sidebar/-/dsh-client-ui-sidebar-0.1.5-rc.1.tgz", { "peerDependencies": { "@deepseek-ai/cordis": "^4.0.2" } }, "sha512-AG8NSL/dzQaq9NmnVpVQIXuNghR3Gr6QbAQvx7Qm49JG+JbJGBurWcYXLgH6OX+hxE2w3y0DezJ2LxLq6ZZs0A=="],

    "@deepseek-ai/dsh-client-ui-slots": ["@deepseek-ai/dsh-client-ui-slots@0.1.5-rc.1", "https://registry.npmmirror.com/@deepseek-ai/dsh-client-ui-slots/-/dsh-client-ui-slots-0.1.5-rc.1.tgz", { "peerDependencies": { "@deepseek-ai/cordis": "^4.0.2" } }, "sha512-xBCdGmV1RdCwWFHCW5m6Y3FVAIHNRR6ppFNeZN4iRpn/osCvnYCF7L+MyjeWExyjC71Xl/Rh06Kj8/1gtbb/wg=="],

    "@deepseek-ai/dsh-code-runtime": ["@deepseek-ai/dsh-code-runtime@0.1.5-rc.1", "https://registry.npmmirror.com/@deepseek-ai/dsh-code-runtime/-/dsh-code-runtime-0.1.5-rc.1.tgz", { "peerDependencies": { "@deepseek-ai/cordis": "^4.0.2" } }, "sha512-DfqzMEQW42lVQjjQ6FCEmtzAuYGle1grxqrRPqdXhkDYe4aTSLJLEcqn7/BYZSI64/G1XQYvdS+jkYxbymbv3A=="],

    "@deepseek-ai/dsh-host-webserver": ["@deepseek-ai/dsh-host-webserver@0.1.5-rc.1", "https://registry.npmmirror.com/@deepseek-ai/dsh-host-webserver/-/dsh-host-webserver-0.1.5-rc.1.tgz", { "dependencies": { "@deepseek-ai/schemastery": "^3.18.2", "compression": "^1.8.1", "negotiator": "^1.0.0" }, "peerDependencies": { "@deepseek-ai/cordis": "^4.0.2" } }, "sha512-5kOu9kb0AuRN60/zwPTRcki801ozgnWAFwS1QtQ4ZNgCYIbAiU8gwJHY1//qEpUOuHS+26k+Tqq5/WCJmLGE6Q=="],

    "@deepseek-ai/dsh-invariants": ["@deepseek-ai/dsh-invariants@0.1.5-rc.1", "https://registry.npmmirror.com/@deepseek-ai/dsh-invariants/-/dsh-invariants-0.1.5-rc.1.tgz", { "dependencies": { "@deepseek-ai/schemastery": "^3.18.2" }, "peerDependencies": { "@deepseek-ai/cordis": "^4.0.2" } }, "sha512-iXhJJ3r34NHFEWiuc5pxXlU19hPfNclvH9Ll0X7CzQ39Oh/4UlfO3DBlLpBU7T9fE/y7/UkuI1aRt+dNeiVQsQ=="],

    "@deepseek-ai/dsh-llm": ["@deepseek-ai/dsh-llm@0.1.5-rc.1", "https://registry.npmmirror.com/@deepseek-ai/dsh-llm/-/dsh-llm-0.1.5-rc.1.tgz", { "dependencies": { "@deepseek-ai/dsh-brand": "^0.1.5-rc.1", "@deepseek-ai/dsh-timeout": "^0.1.5-rc.1", "@deepseek-ai/dsh-typert-protocol": "^0.1.5-rc.1", "@deepseek-ai/dsh-util-crypto": "^0.1.5-rc.1", "@deepseek-ai/dsh-util-values": "^0.1.5-rc.1", "@deepseek-ai/schemastery": "^3.18.2", "zod": "^4.4.3" }, "peerDependencies": { "@deepseek-ai/cordis": "^4.0.2" } }, "sha512-KPKJFTNLjURphuF4NlS8DRK94CUYL/dKB8Hzg/22jtxAFO2paX3ifL0vhdPq9xPbcyplaF7LYlf0+3+pXFTnTg=="],

    "@deepseek-ai/dsh-scope": ["@deepseek-ai/dsh-scope@0.1.5-rc.1", "https://registry.npmmirror.com/@deepseek-ai/dsh-scope/-/dsh-scope-0.1.5-rc.1.tgz", { "peerDependencies": { "@deepseek-ai/cordis": "^4.0.2", "@deepseek-ai/dsh-invariants": "^0.1.5-rc.1" } }, "sha512-HU6AGzCCWSQUS9KoDBAPkyQqgUVp+iI9P5Zn0qzLJv3IOdt6cYvxgjt/rORryuQUR9AUj7CGFO3OYw833H7HWA=="],

    "@deepseek-ai/dsh-session": ["@deepseek-ai/dsh-session@0.1.5-rc.1", "https://registry.npmmirror.com/@deepseek-ai/dsh-session/-/dsh-session-0.1.5-rc.1.tgz", { "dependencies": { "@deepseek-ai/dsh-brand": "^0.1.5-rc.1", "@deepseek-ai/dsh-llm": "^0.1.5-rc.1", "@deepseek-ai/dsh-util-values": "^0.1.5-rc.1" }, "peerDependencies": { "@deepseek-ai/cordis": "^4.0.2", "@deepseek-ai/dsh-scope": "^0.1.5-rc.1" } }, "sha512-0YBBrzkCbVEJolS/OpD0DZMSozmYxUTZopiG76MXInjOFBW9J4ca1a8WUjJjqelP1nJTmWGKXp92HcvNEny0Dg=="],

    "@deepseek-ai/dsh-session-projection": ["@deepseek-ai/dsh-session-projection@0.1.5-rc.1", "https://registry.npmmirror.com/@deepseek-ai/dsh-session-projection/-/dsh-session-projection-0.1.5-rc.1.tgz", { "dependencies": { "zod": "^4.4.3" }, "peerDependencies": { "@deepseek-ai/cordis": "^4.0.2", "@deepseek-ai/dsh-session": "^0.1.5-rc.1" } }, "sha512-dwDS3ite9I1oOAPneA87ieHBd+szFNrTeMNF4XHRxexMbBWxNZUv62h714UMNlk2niGKsAKE56PzwlnWHmGwGg=="],

    "@deepseek-ai/dsh-system-prompt": ["@deepseek-ai/dsh-system-prompt@0.1.5-rc.1", "https://registry.npmmirror.com/@deepseek-ai/dsh-system-prompt/-/dsh-system-prompt-0.1.5-rc.1.tgz", { "dependencies": { "@deepseek-ai/schemastery": "^3.18.2" }, "peerDependencies": { "@deepseek-ai/cordis": "^4.0.2", "@deepseek-ai/dsh-invariants": "^0.1.5-rc.1", "@deepseek-ai/dsh-llm": "^0.1.5-rc.1", "@deepseek-ai/dsh-scope": "^0.1.5-rc.1" } }, "sha512-RAdO9biQoga1vAVTQY9J7THexiOE1FOd1Nli021MQt+Zf73c83BSd2DwXb0WDilLaMeSxZPaIRRqoXpJlpmLIA=="],

    "@deepseek-ai/dsh-timeout": ["@deepseek-ai/dsh-timeout@0.1.5-rc.1", "https://registry.npmmirror.com/@deepseek-ai/dsh-timeout/-/dsh-timeout-0.1.5-rc.1.tgz", { "peerDependencies": { "@deepseek-ai/cordis": "^4.0.2" } }, "sha512-BcV4y/uCIm82VlIwuGsbLjAZXOxRBmjwusi637MV25hJhhGuWaKoMqAa0D/Lcfqu8hU+g3vgGJdpQvhHnG8sgQ=="],

    "@deepseek-ai/dsh-tools": ["@deepseek-ai/dsh-tools@0.1.5-rc.1", "https://registry.npmmirror.com/@deepseek-ai/dsh-tools/-/dsh-tools-0.1.5-rc.1.tgz", { "dependencies": { "@deepseek-ai/dsh-brand": "^0.1.5-rc.1", "@deepseek-ai/dsh-util-values": "^0.1.5-rc.1", "@deepseek-ai/schemastery": "^3.18.2" }, "peerDependencies": { "@deepseek-ai/cordis": "^4.0.2", "@deepseek-ai/dsh-agent": "^0.1.5-rc.1", "@deepseek-ai/dsh-code-runtime": "^0.1.5-rc.1", "@deepseek-ai/dsh-invariants": "^0.1.5-rc.1", "@deepseek-ai/dsh-llm": "^0.1.5-rc.1", "@deepseek-ai/dsh-scope": "^0.1.5-rc.1", "@deepseek-ai/dsh-session": "^0.1.5-rc.1", "@deepseek-ai/dsh-system-prompt": "^0.1.5-rc.1", "@deepseek-ai/dsh-user-approval": "^0.1.5-rc.1" } }, "sha512-I5AUxKTqUrC0nvRO4UcpU+f65P+nKs5BUrS2nqZehhFZ2rVxhUAJ7YdORcY6pVkBTB15nPr5gK0WPgwyfS217w=="],

    "@deepseek-ai/dsh-typert-protocol": ["@deepseek-ai/dsh-typert-protocol@0.1.5-rc.1", "https://registry.npmmirror.com/@deepseek-ai/dsh-typert-protocol/-/dsh-typert-protocol-0.1.5-rc.1.tgz", { "peerDependencies": { "@deepseek-ai/cordis": "^4.0.2" } }, "sha512-HBxnSnvjiYPlir6An+/W+66dTRQnwpbNUbtOH6e5LHuV4CcHL5yrimTbMI04olJM9w2U9FyfwDOzmW6uqWjAew=="],

    "@deepseek-ai/dsh-user-approval": ["@deepseek-ai/dsh-user-approval@0.1.5-rc.1", "https://registry.npmmirror.com/@deepseek-ai/dsh-user-approval/-/dsh-user-approval-0.1.5-rc.1.tgz", { "dependencies": { "@deepseek-ai/schemastery": "^3.18.2" }, "peerDependencies": { "@deepseek-ai/cordis": "^4.0.2", "@deepseek-ai/dsh-agent": "^0.1.5-rc.1", "@deepseek-ai/dsh-brand": "^0.1.5-rc.1", "@deepseek-ai/dsh-invariants": "^0.1.5-rc.1", "@deepseek-ai/dsh-llm": "^0.1.5-rc.1", "@deepseek-ai/dsh-scope": "^0.1.5-rc.1", "@deepseek-ai/dsh-session": "^0.1.5-rc.1", "@deepseek-ai/dsh-system-prompt": "^0.1.5-rc.1" } }, "sha512-fSxEBvHQnozIh5HV31t2BNodYzyv7iE2srna7p5k0Y/3R9c6DdoZyQZ9momcN9gloraq8HK5+cvrYHzgc4LYPQ=="],

    "@deepseek-ai/dsh-util-crypto": ["@deepseek-ai/dsh-util-crypto@0.1.5-rc.1", "https://registry.npmmirror.com/@deepseek-ai/dsh-util-crypto/-/dsh-util-crypto-0.1.5-rc.1.tgz", { "peerDependencies": { "@deepseek-ai/cordis": "^4.0.2" } }, "sha512-8ZosLrwbXdsWRlZ/0Yu85GMhKbFHqGD+ayiFzABXGb3sxfG6nbQQWKtv1sRr77wJ6wYvM2R9rPOg+EDWkGocqQ=="],

    "@deepseek-ai/dsh-util-values": ["@deepseek-ai/dsh-util-values@0.1.5-rc.1", "https://registry.npmmirror.com/@deepseek-ai/dsh-util-values/-/dsh-util-values-0.1.5-rc.1.tgz", { "peerDependencies": { "@deepseek-ai/cordis": "^4.0.2" } }, "sha512-iHH62b+Mc0ueLHn1OQGLOC6+WMqjyK2+wxCkaiQGoGHBAyRGQBnBWiFAOGxp2xIElCXsc1mU1nrkN8D6jppYQg=="],

    "@deepseek-ai/schemastery": ["@deepseek-ai/schemastery@3.18.2", "https://registry.npmmirror.com/@deepseek-ai/schemastery/-/schemastery-3.18.2.tgz", { "dependencies": { "@deepseek-ai/cosmokit": "^1.8.3", "@standard-schema/spec": "^1.1.0" } }, "sha512-njDtZsznjYxok7KLLlHOPyuv2efdWVbSflAHgztSfbMsg+CVraEoRe2DjOCgClYv3ZCSm7WXoaUkbB/+RY7tWQ=="],

    "@playwright/test": ["@playwright/test@1.62.1", "https://registry.npmmirror.com/@playwright/test/-/test-1.62.1.tgz", { "dependencies": { "playwright": "1.62.1" }, "bin": { "playwright": "cli.js" } }, "sha512-DTcUc8qii+cpHvtOwggMtBRMjKZHXYWdw8syRYu2vtzuq4Wxphqq4NfCs5Zt44L6mA8rfDfj+PHnxFc/FeK6mQ=="],

    "@standard-schema/spec": ["@standard-schema/spec@1.1.0", "https://registry.npmmirror.com/@standard-schema/spec/-/spec-1.1.0.tgz", {}, "sha512-l2aFy5jALhniG5HgqrD6jXLi/rUWrKvqN/qJx6yoJsgKhblVd+iqqU4RCXavm/jPityDo5TCvKMnpjKnOriy0w=="],

    "@types/bun": ["@types/bun@1.4.0", "https://registry.npmmirror.com/@types/bun/-/bun-1.4.0.tgz", { "dependencies": { "bun-types": "1.4.0" } }, "sha512-K+lZULY23vRgK/CfTjFIV+tyifaNdSMlPh9j+6mQ/cLfpOznLyAuzgV/JQysyECpkBQLVMSyvjlr2fBUSA9wFQ=="],

    "@types/node": ["@types/node@26.4.0", "https://registry.npmmirror.com/@types/node/-/node-26.4.0.tgz", { "dependencies": { "undici-types": "~8.3.0" } }, "sha512-faiGnoIrLH/V8cibOMEAZ8pMw6oXqSukl29ra4mN8GdaB2ZewzeaLj+INpV5N+Z1eKWzY+IzaIZH2EIR6YZRNQ=="],

    "@types/postcss-url": ["@types/postcss-url@10.0.4", "https://registry.npmmirror.com/@types/postcss-url/-/postcss-url-10.0.4.tgz", { "dependencies": { "@types/node": "*", "postcss": "^8.0.0" } }, "sha512-5QIO9NgbWmAkle65haRqkdgYPCOXheNsaFdbTJJQjT302yK3H49ql4t9a4y0NfpuPtU/UBo15VcV64WCSIMJKg=="],

    "@types/prop-types": ["@types/prop-types@15.7.15", "https://registry.npmmirror.com/@types/prop-types/-/prop-types-15.7.15.tgz", {}, "sha512-F6bEyamV9jKGAFBEmlQnesRPGOQqS2+Uwi0Em15xenOxHaf2hv6L8YCVn3rPdPJOiJfPiCnLIRyvwVaqMY3MIw=="],

    "@types/react": ["@types/react@18.3.31", "https://registry.npmmirror.com/@types/react/-/react-18.3.31.tgz", { "dependencies": { "@types/prop-types": "*", "csstype": "^3.2.2" } }, "sha512-vfEqpXTvwT91yhmwdfouStN2hSKwTvyRs8qpLfADyrq/kxDw0hZM7Wk9Ug1FELj8hIby+S/+kQCSRFF32nv2Qw=="],

    "@types/react-dom": ["@types/react-dom@18.3.7", "https://registry.npmmirror.com/@types/react-dom/-/react-dom-18.3.7.tgz", { "peerDependencies": { "@types/react": "^18.0.0" } }, "sha512-MEe3UeoENYVFXzoXEWsvcpg6ZvlrFNlOQ7EOsvhI3CfAXwzPfO8Qwuxd40nepsYKqyyVQnTdEfv68q91yLcKrQ=="],

    "balanced-match": ["balanced-match@1.0.2", "https://registry.npmmirror.com/balanced-match/-/balanced-match-1.0.2.tgz", {}, "sha512-3oSeUO0TMV67hN1AmbXsK4yaqU7tjiHlbxRDZOpH0KW9+CeX4bRAaX0Anxt0tx2MrpRpWwQaPwIlISEJhYU5Pw=="],

    "brace-expansion": ["brace-expansion@1.1.18", "https://registry.npmmirror.com/brace-expansion/-/brace-expansion-1.1.18.tgz", { "dependencies": { "balanced-match": "^1.0.0", "concat-map": "0.0.1" } }, "sha512-Edep/X9fGqVNmzKBVsDYIOtD+z1tuezV70LBjdCst9Tqu76lsnvRiZ6oTic1n+/BIwX6QDGAO94PN4N2SADvtw=="],

    "bun-types": ["bun-types@1.4.0", "https://registry.npmmirror.com/bun-types/-/bun-types-1.4.0.tgz", { "dependencies": { "@types/node": "*" } }, "sha512-iIKw23BspnQQYd3prITOBxeUsxBHnwzX6YJfGMuNOZzeNcMmVqzIIVGRm1l69ogaPQmb4wB6BN8mA5bE9YuC5Q=="],

    "bytes": ["bytes@3.1.2", "https://registry.npmmirror.com/bytes/-/bytes-3.1.2.tgz", {}, "sha512-/Nf7TyzTx6S3yRJObOAV7956r8cr2+Oj8AC5dt8wSP3BQAoeX58NoHyCU8P8zGkNXStjTSi6fzO6F0pBdcYbEg=="],

    "compressible": ["compressible@2.0.18", "https://registry.npmmirror.com/compressible/-/compressible-2.0.18.tgz", { "dependencies": { "mime-db": ">= 1.43.0 < 2" } }, "sha512-AF3r7P5dWxL8MxyITRMlORQNaOA2IkAFaTr4k7BUumjPtRpGDTZpl0Pb1XCO6JeDCBdp126Cgs9sMxqSjgYyRg=="],

    "compression": ["compression@1.8.1", "https://registry.npmmirror.com/compression/-/compression-1.8.1.tgz", { "dependencies": { "bytes": "3.1.2", "compressible": "~2.0.18", "debug": "2.6.9", "negotiator": "~0.6.4", "on-headers": "~1.1.0", "safe-buffer": "5.2.1", "vary": "~1.1.2" } }, "sha512-9mAqGPHLakhCLeNyxPkK4xVo746zQ/czLH1Ky+vkitMnWfWZps8r0qXuwhwizagCRttsL4lfG4pIOvaWLpAP0w=="],

    "concat-map": ["concat-map@0.0.1", "https://registry.npmmirror.com/concat-map/-/concat-map-0.0.1.tgz", {}, "sha512-/Srv4dswyQNBfohGpz9o6Yb3Gz3SrUDqBH5rTuhGR7ahtlbYKnVxw2bCFMRljaA7EXHaXZ8wsHdodFvbkhKmqg=="],

    "content-type": ["content-type@2.1.0", "https://registry.npmmirror.com/content-type/-/content-type-2.1.0.tgz", {}, "sha512-mj7UPXE0jaqaOsukNZRUEfEi2AcL7C/vwmwcHV0O97eO1E1pxBZuyjlZrx5seTaNBg1U6+o35wpa35Qfcc+7ag=="],

    "csstype": ["csstype@3.2.3", "https://registry.npmmirror.com/csstype/-/csstype-3.2.3.tgz", {}, "sha512-z1HGKcYy2xA8AGQfwrn0PAy+PB7X/GSj3UVJW9qKyn43xWa+gl5nXmU4qqLMRzWVLFC8KusUX8T/0kCiOYpAIQ=="],

    "cuint": ["cuint@0.2.2", "https://registry.npmmirror.com/cuint/-/cuint-0.2.2.tgz", {}, "sha512-d4ZVpCW31eWwCMe1YT3ur7mUDnTXbgwyzaL320DrcRT45rfjYxkt5QWLrmOJ+/UEAI2+fQgKe/fCjR8l4TpRgw=="],

    "debug": ["debug@2.6.9", "https://registry.npmmirror.com/debug/-/debug-2.6.9.tgz", { "dependencies": { "ms": "2.0.0" } }, "sha512-bC7ElrdJaJnPbAP+1EotYvqZsb3ecl5wi6Bfi6BJTUcNowp6cvspg0jXznRTKDjm/E7AdgFBVeAPVMNcKGsHMA=="],

    "dsh-react-surface": ["dsh-react-surface@workspace:packages/runtime"],

    "dsh-react-surface-build": ["dsh-react-surface-build@workspace:packages/build"],

    "dsh-react-surface-example-ag-ui-tools": ["dsh-react-surface-example-ag-ui-tools@workspace:examples/ag-ui-tools"],

    "dsh-react-surface-example-basic": ["dsh-react-surface-example-basic@workspace:examples/basic-surface"],

    "fsevents": ["fsevents@2.3.2", "https://registry.npmmirror.com/fsevents/-/fsevents-2.3.2.tgz", { "os": "darwin" }, "sha512-xiqMQR4xAeHTuB9uWm+fFRcIOgKBMiOBP+eXiyT7jsgVCq1bkVygt00oASowB7EdtpOHaaPgKt812P9ab+DDKA=="],

    "js-tokens": ["js-tokens@4.0.0", "https://registry.npmmirror.com/js-tokens/-/js-tokens-4.0.0.tgz", {}, "sha512-RdJUflcE3cUzKiMqQgsCu06FPu9UdIJO0beYbPhHN4k6apgJtifcoCtT9bcxOpYBtpD2kCM6Sbzg4CausW/PKQ=="],

    "loose-envify": ["loose-envify@1.4.0", "https://registry.npmmirror.com/loose-envify/-/loose-envify-1.4.0.tgz", { "dependencies": { "js-tokens": "^3.0.0 || ^4.0.0" }, "bin": { "loose-envify": "cli.js" } }, "sha512-lyuxPGr/Wfhrlem2CL/UcnUc1zcqKAImBDzukY7Y5F/yQiNdko6+fRLevlw1HgMySw7f611UIY408EtxRSoK3Q=="],

    "make-dir": ["make-dir@3.1.0", "https://registry.npmmirror.com/make-dir/-/make-dir-3.1.0.tgz", { "dependencies": { "semver": "^6.0.0" } }, "sha512-g3FeP20LNwhALb/6Cz6Dd4F2ngze0jz7tbzrD2wAV+o9FeNHe4rL+yK2md0J/fiSf1sa1ADhXqi5+oVwOM/eGw=="],

    "mime": ["mime@2.5.2", "https://registry.npmmirror.com/mime/-/mime-2.5.2.tgz", { "bin": { "mime": "cli.js" } }, "sha512-tqkh47FzKeCPD2PUiPB6pkbMzsCasjxAfC62/Wap5qrUWcb+sFasXUC5I3gYM5iBM8v/Qpn4UK0x+j0iHyFPDg=="],

    "mime-db": ["mime-db@1.54.0", "https://registry.npmmirror.com/mime-db/-/mime-db-1.54.0.tgz", {}, "sha512-aU5EJuIN2WDemCcAp2vFBfp/m4EAhWJnUNSSw0ixs7/kXbd6Pg64EmwJkNdFhB8aWt1sH2CTXrLxo/iAGV3oPQ=="],

    "minimatch": ["minimatch@3.1.5", "https://registry.npmmirror.com/minimatch/-/minimatch-3.1.5.tgz", { "dependencies": { "brace-expansion": "^1.1.7" } }, "sha512-VgjWUsnnT6n+NUk6eZq77zeFdpW2LWDzP6zFGrCbHXiYNul5Dzqk2HHQ5uFH2DNW5Xbp8+jVzaeNt94ssEEl4w=="],

    "ms": ["ms@2.0.0", "https://registry.npmmirror.com/ms/-/ms-2.0.0.tgz", {}, "sha512-Tpp60P6IUJDTuOq/5Z8cdskzJujfwqfOTkrwIwj7IRISpnkJnT6SyJ4PCPnGMoFjC9ddhal5KVIYtAt97ix05A=="],

    "nanoid": ["nanoid@3.3.18", "https://registry.npmmirror.com/nanoid/-/nanoid-3.3.18.tgz", { "bin": { "nanoid": "bin/nanoid.cjs" } }, "sha512-DTg4MJbGMWkfi6VZFdNt2/caMbQy4Ou+Op/hJQvGEWcnVfoA1QA+xzRKAzw9jD6+GVOOeYr/mIcuDSdug6F6+w=="],

    "negotiator": ["negotiator@1.1.0", "https://registry.npmmirror.com/negotiator/-/negotiator-1.1.0.tgz", { "dependencies": { "content-type": "^2.1.0" } }, "sha512-NMPBRMJgiQHjbd8phG3Vebdx4kZ1H121rbl5IkMqeOsahptB9BKo/d7oJ3zTXqTgagn2bWlNSXkh0QUGM31RYg=="],

    "on-headers": ["on-headers@1.1.0", "https://registry.npmmirror.com/on-headers/-/on-headers-1.1.0.tgz", {}, "sha512-737ZY3yNnXy37FHkQxPzt4UZ2UWPWiCZWLvFZ4fu5cueciegX0zGPnrlY6bwRg4FdQOe9YU8MkmJwGhoMybl8A=="],

    "picocolors": ["picocolors@1.1.1", "https://registry.npmmirror.com/picocolors/-/picocolors-1.1.1.tgz", {}, "sha512-xceH2snhtb5M9liqDsmEw56le376mTZkEX/jEb/RxNFyegNul7eNslCXP9FDj/Lcu0X8KEyMceP2ntpaHrDEVA=="],

    "playwright": ["playwright@1.62.1", "https://registry.npmmirror.com/playwright/-/playwright-1.62.1.tgz", { "dependencies": { "playwright-core": "1.62.1" }, "optionalDependencies": { "fsevents": "2.3.2" }, "bin": { "playwright": "cli.js" } }, "sha512-0M+L3LAD8/nm554LOla9Ayx0j0tmFZ0FBcoQ7F1VuVHpM/XpiC8RcDzBQB8W5+hA8L22THxELzeF+2WcUzvcLg=="],

    "playwright-core": ["playwright-core@1.62.1", "https://registry.npmmirror.com/playwright-core/-/playwright-core-1.62.1.tgz", { "bin": { "playwright-core": "cli.js" } }, "sha512-wPYSwEBJY9GHraISXqyqtx0na0LpO3XEX7jNDhntbex7tzUS7kLnZsOlFruFJB4Hi/rhDMjXGqHewDZ68nYZVw=="],

    "postcss": ["postcss@8.5.26", "https://registry.npmmirror.com/postcss/-/postcss-8.5.26.tgz", { "dependencies": { "nanoid": "^3.3.17", "picocolors": "^1.1.1", "source-map-js": "^1.2.1" } }, "sha512-u82N74LFzG8ca+dD8puPnplTXoGH4fTPpVGuIbt36G3qvNlkvfD0lEAZSxaly3KX8TS/L1A1gsCEmvKmBcVbkQ=="],

    "postcss-url": ["postcss-url@10.1.4", "https://registry.npmmirror.com/postcss-url/-/postcss-url-10.1.4.tgz", { "dependencies": { "make-dir": "~3.1.0", "mime": "~2.5.2", "minimatch": "^3.1.5", "xxhashjs": "~0.2.2" }, "peerDependencies": { "postcss": "^8.0.0" } }, "sha512-/oBzyLOHQvXvVr/7bzZOFD5lYTy1nomVE4aMA9eY5KQsHfWLDIzb86q8XoUsmrj2xKoGYMAvd884EzJEQzuXIw=="],

    "prettier": ["prettier@3.9.6", "https://registry.npmmirror.com/prettier/-/prettier-3.9.6.tgz", { "bin": { "prettier": "bin/prettier.cjs" } }, "sha512-OpN0zzVdiaiAhxpuuj5efpIS4sY9j7bY6uR5mnj5yPzGkdkjNKSJeUThPb60Jw29QuAZgA4o+/iB49kFiaBX6g=="],

    "react": ["react@18.3.1", "https://registry.npmmirror.com/react/-/react-18.3.1.tgz", { "dependencies": { "loose-envify": "^1.1.0" } }, "sha512-wS+hAgJShR0KhEvPJArfuPVN1+Hz1t0Y6n5jLrGQbkb4urgPE/0Rve+1kMB1v/oWgHgm4WIcV+i7F2pTVj+2iQ=="],

    "react-dom": ["react-dom@18.3.1", "https://registry.npmmirror.com/react-dom/-/react-dom-18.3.1.tgz", { "dependencies": { "loose-envify": "^1.1.0", "scheduler": "^0.23.2" }, "peerDependencies": { "react": "^18.3.1" } }, "sha512-5m4nQKp+rZRb09LNH59GM4BxTh9251/ylbKIbpe7TpGxfJ+9kv6BLkLBXIjjspbgbnIBNqlI23tRnTWT0snUIw=="],

    "safe-buffer": ["safe-buffer@5.2.1", "https://registry.npmmirror.com/safe-buffer/-/safe-buffer-5.2.1.tgz", {}, "sha512-rp3So07KcdmmKbGvgaNxQSJr7bGVSVk5S9Eq1F+ppbRo70+YeaDxkw5Dd8NPN+GD6bjnYm2VuPuCXmpuYvmCXQ=="],

    "scheduler": ["scheduler@0.23.2", "https://registry.npmmirror.com/scheduler/-/scheduler-0.23.2.tgz", { "dependencies": { "loose-envify": "^1.1.0" } }, "sha512-UOShsPwz7NrMUqhR6t0hWjFduvOzbtv7toDH1/hIrfRNIDBnnBWd0CwJTGvTpngVlmwGCdP9/Zl/tVrDqcuYzQ=="],

    "semver": ["semver@6.3.1", "https://registry.npmmirror.com/semver/-/semver-6.3.1.tgz", { "bin": { "semver": "bin/semver.js" } }, "sha512-BR7VvDCVHO+q2xBEWskxS6DJE1qRnb7DxzUrogb71CWoSficBxYsiAGd+Kl0mmq/MprG9yArRkyrQxTO6XjMzA=="],

    "source-map-js": ["source-map-js@1.2.1", "https://registry.npmmirror.com/source-map-js/-/source-map-js-1.2.1.tgz", {}, "sha512-UXWMKhLOwVKb728IUtQPXxfYU+usdybtUrK/8uGE8CQMvrhOpwvzDBwj0QhSL7MQc7vIsISBG8VQ8+IDQxpfQA=="],

    "typescript": ["typescript@6.0.3", "https://registry.npmmirror.com/typescript/-/typescript-6.0.3.tgz", { "bin": { "tsc": "bin/tsc", "tsserver": "bin/tsserver" } }, "sha512-y2TvuxSZPDyQakkFRPZHKFm+KKVqIisdg9/CZwm9ftvKXLP8NRWj38/ODjNbr43SsoXqNuAisEf1GdCxqWcdBw=="],

    "undici-types": ["undici-types@8.3.0", "https://registry.npmmirror.com/undici-types/-/undici-types-8.3.0.tgz", {}, "sha512-j375ScV60dom+YkPFIfTLcOiPxkN/buHz5GobjLhixFuANaNs3C9l4GmrWqejgXWJ7BbJcFYpTEUkS1Ge8bpZQ=="],

    "vary": ["vary@1.1.2", "https://registry.npmmirror.com/vary/-/vary-1.1.2.tgz", {}, "sha512-BNGbWLfd0eUPabhkXUVm0j8uuvREyTh5ovRa/dyow/BqAbZJyC+5fU+IzQOzmAKzYqYRAISoRhdQr3eIZ/PXqg=="],

    "xxhashjs": ["xxhashjs@0.2.2", "https://registry.npmmirror.com/xxhashjs/-/xxhashjs-0.2.2.tgz", { "dependencies": { "cuint": "^0.2.2" } }, "sha512-AkTuIuVTET12tpsVIQo+ZU6f/qDmKuRUcjaqR+OIvm+aCBsZ95i7UVY5WJ9TMsSaZ0DA2WxoZ4acu0sPH+OKAw=="],

    "zod": ["zod@4.4.3", "https://registry.npmmirror.com/zod/-/zod-4.4.3.tgz", {}, "sha512-ytENFjIJFl2UwYglde2jchW2Hwm4GJFLDiSXWdTrJQBIN9Fcyp7n4DhxJEiWNAJMV1/BqWfW/kkg71UDcHJyTQ=="],

    "compression/negotiator": ["negotiator@0.6.4", "https://registry.npmmirror.com/negotiator/-/negotiator-0.6.4.tgz", {}, "sha512-myRT3DiWPHqho5PrJaIRyaMv2kgYf0mUVgBNOYMuCH5Ki1yEiQaf/ZJuQ62nvpc44wL5WDbTX7yGJi1Neevw8w=="],
  }
}
